
Microsoft Visual Studio Solution File, Format Version 12.00
# Visual Studio 15
VisualStudioVersion = 15.0.27703.2026
MinimumVisualStudioVersion = 10.0.40219.1
Project("{9A19103F-16F7-4668-BE54-9A1E7A4F7556}") = "SlevoDogAngular", "SlevoDogAngular\SlevoDogAngular.csproj", "{D7DC1458-FC84-412E-A6F3-4658A2C4D0EB}"
	ProjectSection(ProjectDependencies) = postProject
		{E7241F2F-67BA-4DF6-8FEF-5941C9C9A3A3} = {E7241F2F-67BA-4DF6-8FEF-5941C9C9A3A3}
	EndProjectSection
EndProject
Project("{9A19103F-16F7-4668-BE54-9A1E7A4F7556}") = "Catalog", "Catalog\Catalog.csproj", "{C9747EAF-9CC1-41A4-B866-356B8B27A9C2}"
	ProjectSection(ProjectDependencies) = postProject
		{A64515BD-5494-4F73-9B7E-B4E4A499928D} = {A64515BD-5494-4F73-9B7E-B4E4A499928D}
	EndProjectSection
EndProject
Project("{9A19103F-16F7-4668-BE54-9A1E7A4F7556}") = "Admin", "Admin\Admin.csproj", "{E7241F2F-67BA-4DF6-8FEF-5941C9C9A3A3}"
	ProjectSection(ProjectDependencies) = postProject
		{A64515BD-5494-4F73-9B7E-B4E4A499928D} = {A64515BD-5494-4F73-9B7E-B4E4A499928D}
	EndProjectSection
EndProject
Project("{9A19103F-16F7-4668-BE54-9A1E7A4F7556}") = "Shared", "Shared\Shared.csproj", "{A64515BD-5494-4F73-9B7E-B4E4A499928D}"
EndProject
Project("{FAE04EC0-301F-11D3-BF4B-00C04F79EFBC}") = "SlevoDog.Tests", "SlevoDog.Tests\SlevoDog.Tests.csproj", "{FB0548A1-E1A1-4371-B0A8-DE3F9E9F7456}"
	ProjectSection(ProjectDependencies) = postProject
		{D7DC1458-FC84-412E-A6F3-4658A2C4D0EB} = {D7DC1458-FC84-412E-A6F3-4658A2C4D0EB}
	EndProjectSection
EndProject
Global
	GlobalSection(SolutionConfigurationPlatforms) = preSolution
		Debug|Any CPU = Debug|Any CPU
		Release|Any CPU = Release|Any CPU
	EndGlobalSection
	GlobalSection(ProjectConfigurationPlatforms) = postSolution
		{D7DC1458-FC84-412E-A6F3-4658A2C4D0EB}.Debug|Any CPU.ActiveCfg = Debug|Any CPU
		{D7DC1458-FC84-412E-A6F3-4658A2C4D0EB}.Debug|Any CPU.Build.0 = Debug|Any CPU
		{D7DC1458-FC84-412E-A6F3-4658A2C4D0EB}.Release|Any CPU.ActiveCfg = Release|Any CPU
		{D7DC1458-FC84-412E-A6F3-4658A2C4D0EB}.Release|Any CPU.Build.0 = Release|Any CPU
		{C9747EAF-9CC1-41A4-B866-356B8B27A9C2}.Debug|Any CPU.ActiveCfg = Debug|Any CPU
		{C9747EAF-9CC1-41A4-B866-356B8B27A9C2}.Debug|Any CPU.Build.0 = Debug|Any CPU
		{C9747EAF-9CC1-41A4-B866-356B8B27A9C2}.Release|Any CPU.ActiveCfg = Release|Any CPU
		{C9747EAF-9CC1-41A4-B866-356B8B27A9C2}.Release|Any CPU.Build.0 = Release|Any CPU
		{E7241F2F-67BA-4DF6-8FEF-5941C9C9A3A3}.Debug|Any CPU.ActiveCfg = Debug|Any CPU
		{E7241F2F-67BA-4DF6-8FEF-5941C9C9A3A3}.Debug|Any CPU.Build.0 = Debug|Any CPU
		{E7241F2F-67BA-4DF6-8FEF-5941C9C9A3A3}.Release|Any CPU.ActiveCfg = Release|Any CPU
		{E7241F2F-67BA-4DF6-8FEF-5941C9C9A3A3}.Release|Any CPU.Build.0 = Release|Any CPU
		{A64515BD-5494-4F73-9B7E-B4E4A499928D}.Debug|Any CPU.ActiveCfg = Debug|Any CPU
		{A64515BD-5494-4F73-9B7E-B4E4A499928D}.Debug|Any CPU.Build.0 = Debug|Any CPU
		{A64515BD-5494-4F73-9B7E-B4E4A499928D}.Release|Any CPU.ActiveCfg = Release|Any CPU
		{A64515BD-5494-4F73-9B7E-B4E4A499928D}.Release|Any CPU.Build.0 = Release|Any CPU
		{FB0548A1-E1A1-4371-B0A8-DE3F9E9F7456}.Debug|Any CPU.ActiveCfg = Debug|Any CPU
		{FB0548A1-E1A1-4371-B0A8-DE3F9E9F7456}.Debug|Any CPU.Build.0 = Debug|Any CPU
		{FB0548A1-E1A1-4371-B0A8-DE3F9E9F7456}.Release|Any CPU.ActiveCfg = Release|Any CPU
		{FB0548A1-E1A1-4371-B0A8-DE3F9E9F7456}.Release|Any CPU.Build.0 = Release|Any CPU
	EndGlobalSection
	GlobalSection(SolutionProperties) = preSolution
		HideSolutionNode = FALSE
	EndGlobalSection
	GlobalSection(ExtensibilityGlobals) = postSolution
		SolutionGuid = {811F8ABD-1277-4FB0-8CC5-671D3D4E18BA}
	EndGlobalSection
EndGlobal
